
Microsoft Visual Studio Solution File, Format Version 12.00
# Visual Studio Version 16
VisualStudioVersion = 16.0.30804.86
MinimumVisualStudioVersion = 10.0.40219.1
Project("{FAE04EC0-301F-11D3-BF4B-00C04F79EFBC}") = "osumda5er", "osumda5er\osumda5er.csproj", "{48EBA6E2-2839-4458-AFEC-4A16825AC17C}"
EndProject
Global
	GlobalSection(SolutionConfigurationPlatforms) = preSolution
		Debug|Any CPU = Debug|Any CPU
		Release|Any CPU = Release|Any CPU
	EndGlobalSection
	GlobalSection(ProjectConfigurationPlatforms) = postSolution
		{48EBA6E2-2839-4458-AFEC-4A16825AC17C}.Debug|Any CPU.ActiveCfg = Debug|Any CPU
		{48EBA6E2-2839-4458-AFEC-4A16825AC17C}.Debug|Any CPU.Build.0 = Debug|Any CPU
		{48EBA6E2-2839-4458-AFEC-4A16825AC17C}.Release|Any CPU.ActiveCfg = Release|Any CPU
		{48EBA6E2-2839-4458-AFEC-4A16825AC17C}.Release|Any CPU.Build.0 = Release|Any CPU
	EndGlobalSection
	GlobalSection(SolutionProperties) = preSolution
		HideSolutionNode = FALSE
	EndGlobalSection
	GlobalSection(ExtensibilityGlobals) = postSolution
		SolutionGuid = {0B92B6B1-4E81-46E8-A585-7DD92991D1AB}
	EndGlobalSection
EndGlobal
